
Microsoft Visual Studio Solution File, Format Version 12.00
# Visual Studio Express 2012 for Web
Project("{FAE04EC0-301F-11D3-BF4B-00C04F79EFBC}") = "PersonalFinancesManager", "PersonalFinancesManager\PersonalFinancesManager.csproj", "{D326DE6C-42A5-4ABF-AAAC-4E575307BAEE}"
EndProject
Project("{FAE04EC0-301F-11D3-BF4B-00C04F79EFBC}") = "PersonalFinancesManager.Tests", "PersonalFinancesManager.Tests\PersonalFinancesManager.Tests.csproj", "{C4C2965C-0B17-4FCA-8AA3-F411D4EB4BCA}"
EndProject
Global
	GlobalSection(SolutionConfigurationPlatforms) = preSolution
		Debug|Any CPU = Debug|Any CPU
		Release|Any CPU = Release|Any CPU
	EndGlobalSection
	GlobalSection(ProjectConfigurationPlatforms) = postSolution
		{D326DE6C-42A5-4ABF-AAAC-4E575307BAEE}.Debug|Any CPU.ActiveCfg = Debug|Any CPU
		{D326DE6C-42A5-4ABF-AAAC-4E575307BAEE}.Debug|Any CPU.Build.0 = Debug|Any CPU
		{D326DE6C-42A5-4ABF-AAAC-4E575307BAEE}.Release|Any CPU.ActiveCfg = Release|Any CPU
		{D326DE6C-42A5-4ABF-AAAC-4E575307BAEE}.Release|Any CPU.Build.0 = Release|Any CPU
		{C4C2965C-0B17-4FCA-8AA3-F411D4EB4BCA}.Debug|Any CPU.ActiveCfg = Debug|Any CPU
		{C4C2965C-0B17-4FCA-8AA3-F411D4EB4BCA}.Debug|Any CPU.Build.0 = Debug|Any CPU
		{C4C2965C-0B17-4FCA-8AA3-F411D4EB4BCA}.Release|Any CPU.ActiveCfg = Release|Any CPU
		{C4C2965C-0B17-4FCA-8AA3-F411D4EB4BCA}.Release|Any CPU.Build.0 = Release|Any CPU
	EndGlobalSection
	GlobalSection(SolutionProperties) = preSolution
		HideSolutionNode = FALSE
	EndGlobalSection
	GlobalSection(ExtensibilityGlobals) = postSolution
		EnterpriseLibraryConfigurationToolBinariesPath = packages\Unity.2.1.505.2\lib\NET35
	EndGlobalSection
EndGlobal
